# THIS IS AN AUTOGENERATED FILE. DO NOT EDIT THIS FILE DIRECTLY.
# yarn lockfile v1


bootstrap-icons@^1.11.2:
  version "1.11.2"
  resolved "https://registry.yarnpkg.com/bootstrap-icons/-/bootstrap-icons-1.11.2.tgz#e1c75daec154e25958db04c4eb3cbda6041e7118"
  integrity sha512-TgdiPv+IM9tgDb+dsxrnGIyocsk85d2M7T0qIgkvPedZeoZfyeG/j+yiAE4uHCEayKef2RP05ahQ0/e9Sv75Wg==
